
Microsoft Visual Studio Solution File, Format Version 12.00
# Visual Studio Version 18
VisualStudioVersion = 18.3.11222.16
MinimumVisualStudioVersion = 10.0.40219.1
Project("{2150E333-8FDC-42A3-9474-1A3956D46DE8}") = "Mapper.Core", "Mapper.Core", "{FACB7A3D-E2A2-450E-AAF2-782A929E622C}"
EndProject
Project("{2150E333-8FDC-42A3-9474-1A3956D46DE8}") = "Core", "Core", "{9275D77E-6B76-41C3-A235-12FE21F99854}"
EndProject
Project("{2150E333-8FDC-42A3-9474-1A3956D46DE8}") = "Infrastructure", "Infrastructure", "{60565592-FA4E-447E-8BBA-834740816CF9}"
EndProject
Project("{E53339B2-1760-4266-BCC7-CA923CBCF16C}") = "docker-compose", "docker-compose.dcproj", "{47EAFA0A-E7C2-4EE9-AE9B-356BD9A89441}"
EndProject
Project("{2150E333-8FDC-42A3-9474-1A3956D46DE8}") = "src", "src", "{0E0BC54A-BA15-4884-A8D9-C2B45E883706}"
EndProject
Project("{2150E333-8FDC-42A3-9474-1A3956D46DE8}") = "ops", "ops", "{BDD38811-6B79-42A3-9B9A-C06157CAF054}"
	ProjectSection(SolutionItems) = preProject
		ops\prometheus.yml = ops\prometheus.yml
	EndProjectSection
EndProject
Project("{FAE04EC0-301F-11D3-BF4B-00C04F79EFBC}") = "Mapper.Application", "src\Mapper.Core\Mapper.Application\Mapper.Application.csproj", "{AFE04C49-52DB-49EF-F326-652FF9B88537}"
EndProject
Project("{FAE04EC0-301F-11D3-BF4B-00C04F79EFBC}") = "Mapper.Domain", "src\Mapper.Core\Mapper.Domain\Mapper.Domain.csproj", "{DDB371FD-FE5A-87F5-644E-26B3945C6F93}"
EndProject
Project("{FAE04EC0-301F-11D3-BF4B-00C04F79EFBC}") = "Mapper.Persistence", "src\Mapper.Core\Mapper.Persistence\Mapper.Persistence.csproj", "{9991E1CF-4D61-8517-2F01-FDFDA4C47947}"
EndProject
Project("{FAE04EC0-301F-11D3-BF4B-00C04F79EFBC}") = "Mapper.WebApi", "src\Mapper.Core\Mapper.WebApi\Mapper.WebApi.csproj", "{2B199E76-2884-3ED4-FAC5-10C6CEA15178}"
EndProject
Project("{FAE04EC0-301F-11D3-BF4B-00C04F79EFBC}") = "Mapper.Tests", "src\Mapper.Tests\Mapper.Tests.csproj", "{09555DD8-EF74-6D6A-4832-0EC56BFEE02A}"
EndProject
Project("{2150E333-8FDC-42A3-9474-1A3956D46DE8}") = "Mapper.WebApi", "Mapper.WebApi", "{5A91EEDB-0FCD-4E62-923E-9377D0200FF6}"
EndProject
Project("{2150E333-8FDC-42A3-9474-1A3956D46DE8}") = "Tests", "Tests", "{F6A7D7DE-5171-4CE7-B712-D7BD0030E9D5}"
EndProject
Global
	GlobalSection(SolutionConfigurationPlatforms) = preSolution
		Debug|Any CPU = Debug|Any CPU
		Release|Any CPU = Release|Any CPU
	EndGlobalSection
	GlobalSection(ProjectConfigurationPlatforms) = postSolution
		{47EAFA0A-E7C2-4EE9-AE9B-356BD9A89441}.Debug|Any CPU.ActiveCfg = Debug|Any CPU
		{47EAFA0A-E7C2-4EE9-AE9B-356BD9A89441}.Debug|Any CPU.Build.0 = Debug|Any CPU
		{47EAFA0A-E7C2-4EE9-AE9B-356BD9A89441}.Release|Any CPU.ActiveCfg = Release|Any CPU
		{47EAFA0A-E7C2-4EE9-AE9B-356BD9A89441}.Release|Any CPU.Build.0 = Release|Any CPU
		{AFE04C49-52DB-49EF-F326-652FF9B88537}.Debug|Any CPU.ActiveCfg = Debug|Any CPU
		{AFE04C49-52DB-49EF-F326-652FF9B88537}.Debug|Any CPU.Build.0 = Debug|Any CPU
		{AFE04C49-52DB-49EF-F326-652FF9B88537}.Release|Any CPU.ActiveCfg = Release|Any CPU
		{AFE04C49-52DB-49EF-F326-652FF9B88537}.Release|Any CPU.Build.0 = Release|Any CPU
		{DDB371FD-FE5A-87F5-644E-26B3945C6F93}.Debug|Any CPU.ActiveCfg = Debug|Any CPU
		{DDB371FD-FE5A-87F5-644E-26B3945C6F93}.Debug|Any CPU.Build.0 = Debug|Any CPU
		{DDB371FD-FE5A-87F5-644E-26B3945C6F93}.Release|Any CPU.ActiveCfg = Release|Any CPU
		{DDB371FD-FE5A-87F5-644E-26B3945C6F93}.Release|Any CPU.Build.0 = Release|Any CPU
		{9991E1CF-4D61-8517-2F01-FDFDA4C47947}.Debug|Any CPU.ActiveCfg = Debug|Any CPU
		{9991E1CF-4D61-8517-2F01-FDFDA4C47947}.Debug|Any CPU.Build.0 = Debug|Any CPU
		{9991E1CF-4D61-8517-2F01-FDFDA4C47947}.Release|Any CPU.ActiveCfg = Release|Any CPU
		{9991E1CF-4D61-8517-2F01-FDFDA4C47947}.Release|Any CPU.Build.0 = Release|Any CPU
		{2B199E76-2884-3ED4-FAC5-10C6CEA15178}.Debug|Any CPU.ActiveCfg = Debug|Any CPU
		{2B199E76-2884-3ED4-FAC5-10C6CEA15178}.Debug|Any CPU.Build.0 = Debug|Any CPU
		{2B199E76-2884-3ED4-FAC5-10C6CEA15178}.Release|Any CPU.ActiveCfg = Release|Any CPU
		{2B199E76-2884-3ED4-FAC5-10C6CEA15178}.Release|Any CPU.Build.0 = Release|Any CPU
		{09555DD8-EF74-6D6A-4832-0EC56BFEE02A}.Debug|Any CPU.ActiveCfg = Debug|Any CPU
		{09555DD8-EF74-6D6A-4832-0EC56BFEE02A}.Debug|Any CPU.Build.0 = Debug|Any CPU
		{09555DD8-EF74-6D6A-4832-0EC56BFEE02A}.Release|Any CPU.ActiveCfg = Release|Any CPU
		{09555DD8-EF74-6D6A-4832-0EC56BFEE02A}.Release|Any CPU.Build.0 = Release|Any CPU
	EndGlobalSection
	GlobalSection(SolutionProperties) = preSolution
		HideSolutionNode = FALSE
	EndGlobalSection
	GlobalSection(NestedProjects) = preSolution
		{FACB7A3D-E2A2-450E-AAF2-782A929E622C} = {0E0BC54A-BA15-4884-A8D9-C2B45E883706}
		{9275D77E-6B76-41C3-A235-12FE21F99854} = {FACB7A3D-E2A2-450E-AAF2-782A929E622C}
		{60565592-FA4E-447E-8BBA-834740816CF9} = {FACB7A3D-E2A2-450E-AAF2-782A929E622C}
		{AFE04C49-52DB-49EF-F326-652FF9B88537} = {9275D77E-6B76-41C3-A235-12FE21F99854}
		{DDB371FD-FE5A-87F5-644E-26B3945C6F93} = {9275D77E-6B76-41C3-A235-12FE21F99854}
		{9991E1CF-4D61-8517-2F01-FDFDA4C47947} = {60565592-FA4E-447E-8BBA-834740816CF9}
		{2B199E76-2884-3ED4-FAC5-10C6CEA15178} = {5A91EEDB-0FCD-4E62-923E-9377D0200FF6}
		{09555DD8-EF74-6D6A-4832-0EC56BFEE02A} = {F6A7D7DE-5171-4CE7-B712-D7BD0030E9D5}
		{5A91EEDB-0FCD-4E62-923E-9377D0200FF6} = {0E0BC54A-BA15-4884-A8D9-C2B45E883706}
	EndGlobalSection
	GlobalSection(ExtensibilityGlobals) = postSolution
		SolutionGuid = {9B42E4E4-8228-40D0-B140-98B185CD9718}
	EndGlobalSection
EndGlobal
